
Microsoft Visual Studio Solution File, Format Version 12.00
# Visual Studio Version 16
VisualStudioVersion = 16.0.31321.278
MinimumVisualStudioVersion = 10.0.40219.1
Project("{2150E333-8FDC-42A3-9474-1A3956D46DE8}") = "Services", "Services", "{B076A93B-1695-427C-A503-8FF3C784C731}"
EndProject
Project("{2150E333-8FDC-42A3-9474-1A3956D46DE8}") = "Catalog", "Catalog", "{EE01E16C-C27D-4240-A7AD-BD6A1BCA18CB}"
EndProject
Project("{9A19103F-16F7-4668-BE54-9A1E7A4F7556}") = "Catalog.API", "Services\Catalog\Catalog.API\Catalog.API.csproj", "{9E3CF12F-D28A-4CCB-A109-7F4C54483534}"
EndProject
Project("{E53339B2-1760-4266-BCC7-CA923CBCF16C}") = "docker-compose", "docker-compose.dcproj", "{4CE26CD5-9B9A-4C8A-9687-BFB60C99B605}"
EndProject
Project("{2150E333-8FDC-42A3-9474-1A3956D46DE8}") = "Solution Items", "Solution Items", "{6E0BA297-9156-416C-9D38-9C71F3C27691}"
	ProjectSection(SolutionItems) = preProject
		docker-commands.txt = docker-commands.txt
		passwords.txt = passwords.txt
	EndProjectSection
EndProject
Project("{2150E333-8FDC-42A3-9474-1A3956D46DE8}") = "Basket", "Basket", "{8137E076-3A4F-4D0C-B520-6732A4457783}"
EndProject
Project("{9A19103F-16F7-4668-BE54-9A1E7A4F7556}") = "Basket.API", "Services\Basket\Basket.API\Basket.API.csproj", "{EC026D3F-3FAD-4FA0-8B11-B3DA345FCE67}"
EndProject
Project("{2150E333-8FDC-42A3-9474-1A3956D46DE8}") = "Discount", "Discount", "{14D602F1-BBCA-45B1-AD0E-4FFEBDAE1A2D}"
EndProject
Project("{9A19103F-16F7-4668-BE54-9A1E7A4F7556}") = "Discount.API", "Services\Discount\Discount.API\Discount.API.csproj", "{2EBC639D-0A24-4005-9EBF-115A26D632F2}"
EndProject
Project("{FAE04EC0-301F-11D3-BF4B-00C04F79EFBC}") = "Discount.Grpc", "Services\Discount\Discount.Grpc\Discount.Grpc.csproj", "{ECE013CE-3494-4ECF-AD8D-DC32B7AC3DEC}"
EndProject
Global
	GlobalSection(SolutionConfigurationPlatforms) = preSolution
		Debug|Any CPU = Debug|Any CPU
		Release|Any CPU = Release|Any CPU
	EndGlobalSection
	GlobalSection(ProjectConfigurationPlatforms) = postSolution
		{9E3CF12F-D28A-4CCB-A109-7F4C54483534}.Debug|Any CPU.ActiveCfg = Debug|Any CPU
		{9E3CF12F-D28A-4CCB-A109-7F4C54483534}.Debug|Any CPU.Build.0 = Debug|Any CPU
		{9E3CF12F-D28A-4CCB-A109-7F4C54483534}.Release|Any CPU.ActiveCfg = Release|Any CPU
		{9E3CF12F-D28A-4CCB-A109-7F4C54483534}.Release|Any CPU.Build.0 = Release|Any CPU
		{4CE26CD5-9B9A-4C8A-9687-BFB60C99B605}.Debug|Any CPU.ActiveCfg = Debug|Any CPU
		{4CE26CD5-9B9A-4C8A-9687-BFB60C99B605}.Debug|Any CPU.Build.0 = Debug|Any CPU
		{4CE26CD5-9B9A-4C8A-9687-BFB60C99B605}.Release|Any CPU.ActiveCfg = Release|Any CPU
		{4CE26CD5-9B9A-4C8A-9687-BFB60C99B605}.Release|Any CPU.Build.0 = Release|Any CPU
		{EC026D3F-3FAD-4FA0-8B11-B3DA345FCE67}.Debug|Any CPU.ActiveCfg = Debug|Any CPU
		{EC026D3F-3FAD-4FA0-8B11-B3DA345FCE67}.Debug|Any CPU.Build.0 = Debug|Any CPU
		{EC026D3F-3FAD-4FA0-8B11-B3DA345FCE67}.Release|Any CPU.ActiveCfg = Release|Any CPU
		{EC026D3F-3FAD-4FA0-8B11-B3DA345FCE67}.Release|Any CPU.Build.0 = Release|Any CPU
		{2EBC639D-0A24-4005-9EBF-115A26D632F2}.Debug|Any CPU.ActiveCfg = Debug|Any CPU
		{2EBC639D-0A24-4005-9EBF-115A26D632F2}.Debug|Any CPU.Build.0 = Debug|Any CPU
		{2EBC639D-0A24-4005-9EBF-115A26D632F2}.Release|Any CPU.ActiveCfg = Release|Any CPU
		{2EBC639D-0A24-4005-9EBF-115A26D632F2}.Release|Any CPU.Build.0 = Release|Any CPU
		{ECE013CE-3494-4ECF-AD8D-DC32B7AC3DEC}.Debug|Any CPU.ActiveCfg = Debug|Any CPU
		{ECE013CE-3494-4ECF-AD8D-DC32B7AC3DEC}.Debug|Any CPU.Build.0 = Debug|Any CPU
		{ECE013CE-3494-4ECF-AD8D-DC32B7AC3DEC}.Release|Any CPU.ActiveCfg = Release|Any CPU
		{ECE013CE-3494-4ECF-AD8D-DC32B7AC3DEC}.Release|Any CPU.Build.0 = Release|Any CPU
	EndGlobalSection
	GlobalSection(SolutionProperties) = preSolution
		HideSolutionNode = FALSE
	EndGlobalSection
	GlobalSection(NestedProjects) = preSolution
		{EE01E16C-C27D-4240-A7AD-BD6A1BCA18CB} = {B076A93B-1695-427C-A503-8FF3C784C731}
		{9E3CF12F-D28A-4CCB-A109-7F4C54483534} = {EE01E16C-C27D-4240-A7AD-BD6A1BCA18CB}
		{8137E076-3A4F-4D0C-B520-6732A4457783} = {B076A93B-1695-427C-A503-8FF3C784C731}
		{EC026D3F-3FAD-4FA0-8B11-B3DA345FCE67} = {8137E076-3A4F-4D0C-B520-6732A4457783}
		{14D602F1-BBCA-45B1-AD0E-4FFEBDAE1A2D} = {B076A93B-1695-427C-A503-8FF3C784C731}
		{2EBC639D-0A24-4005-9EBF-115A26D632F2} = {14D602F1-BBCA-45B1-AD0E-4FFEBDAE1A2D}
		{ECE013CE-3494-4ECF-AD8D-DC32B7AC3DEC} = {14D602F1-BBCA-45B1-AD0E-4FFEBDAE1A2D}
	EndGlobalSection
	GlobalSection(ExtensibilityGlobals) = postSolution
		SolutionGuid = {C84352DB-CC92-4C44-B87B-1BCC796C1173}
	EndGlobalSection
EndGlobal
